<?xml version="1.0" encoding="utf-8"?>
<Project ToolsVersion="4.0" xmlns="http://schemas.microsoft.com/developer/msbuild/2003">
  <ItemGroup>
    <Filter Include="Source Files">
      <UniqueIdentifier>{4FC737F1-C7A5-4376-A066-2A32D752A2FF}</UniqueIdentifier>
      <Extensions>cpp;c;cc;cxx;c++;cppm;ixx;def;odl;idl;hpj;bat;asm;asmx</Extensions>
    </Filter>
    <Filter Include="Header Files">
      <UniqueIdentifier>{93995380-89BD-4b04-88EB-625FBE52EBFB}</UniqueIdentifier>
      <Extensions>h;hh;hpp;hxx;h++;hm;inl;inc;ipp;xsd</Extensions>
    </Filter>
    <Filter Include="Resource Files">
      <UniqueIdentifier>{67DA6AB6-F800-4c08-8B7A-83BB121AAD01}</UniqueIdentifier>
      <Extensions>rc;ico;cur;bmp;dlg;rc2;rct;bin;rgs;gif;jpg;jpeg;jpe;resx;tiff;tif;png;wav;mfcribbon-ms</Extensions>
    </Filter>
    <Filter Include="Resource Files\Shaders">
      <UniqueIdentifier>{6aca1edd-d5ab-49e3-a5f1-606775d031f5}</UniqueIdentifier>
    </Filter>
    <Filter Include="Source Files\objects">
      <UniqueIdentifier>{78f156a9-3a0d-4fd0-9a08-f12aa0082c58}</UniqueIdentifier>
    </Filter>
    <Filter Include="Resource Files\models">
      <UniqueIdentifier>{6ca6627f-73fb-4130-98d4-d7571ad4734a}</UniqueIdentifier>
    </Filter>
    <Filter Include="Resource Files\models\Island">
      <UniqueIdentifier>{fa9da21d-c44b-44cc-aed3-cddb0204a698}</UniqueIdentifier>
    </Filter>
    <Filter Include="Header Files\objects">
      <UniqueIdentifier>{527b8780-39dd-4ed0-94c4-c446180feca8}</UniqueIdentifier>
    </Filter>
    <Filter Include="Resource Files\models\Sea">
      <UniqueIdentifier>{95fa238f-2b7d-4200-9a57-984342b75b37}</UniqueIdentifier>
    </Filter>
    <Filter Include="Resource Files\models\link">
      <UniqueIdentifier>{cb8f9c76-ae66-4716-8d11-1897d9ccdaf0}</UniqueIdentifier>
    </Filter>
  </ItemGroup>
  <ItemGroup>
    <ClCompile Include="src\Camera.cpp">
      <Filter>Source Files</Filter>
    </ClCompile>
    <ClCompile Include="src\InputManager.cpp">
      <Filter>Source Files</Filter>
    </ClCompile>
    <ClCompile Include="src\PGRProject.cpp">
      <Filter>Source Files</Filter>
    </ClCompile>
    <ClCompile Include="src\Renderer.cpp">
      <Filter>Source Files</Filter>
    </ClCompile>
    <ClCompile Include="src\ResourceManager.cpp">
      <Filter>Source Files</Filter>
    </ClCompile>
    <ClCompile Include="src\Scene.cpp">
      <Filter>Source Files</Filter>
    </ClCompile>
    <ClCompile Include="src\ShaderProgram.cpp">
      <Filter>Source Files</Filter>
    </ClCompile>
    <ClCompile Include="src\WavefrontObject.cpp">
      <Filter>Source Files</Filter>
    </ClCompile>
    <ClCompile Include="src\Window.cpp">
      <Filter>Source Files</Filter>
    </ClCompile>
    <ClCompile Include="src\Material.cpp">
      <Filter>Source Files</Filter>
    </ClCompile>
    <ClCompile Include="src\objects\Object.cpp">
      <Filter>Source Files\objects</Filter>
    </ClCompile>
    <ClCompile Include="src\objects\StaticObject.cpp">
      <Filter>Source Files\objects</Filter>
    </ClCompile>
    <ClCompile Include="src\objects\EmptyObject.cpp">
      <Filter>Source Files\objects</Filter>
    </ClCompile>
    <ClCompile Include="src\objects\Light.cpp">
      <Filter>Source Files\objects</Filter>
    </ClCompile>
    <ClCompile Include="src\objects\AmbientLight.cpp">
      <Filter>Source Files\objects</Filter>
    </ClCompile>
    <ClCompile Include="src\objects\PointLight.cpp">
      <Filter>Source Files\objects</Filter>
    </ClCompile>
    <ClCompile Include="src\objects\DirectionalLight.cpp">
      <Filter>Source Files\objects</Filter>
    </ClCompile>
  </ItemGroup>
  <ItemGroup>
    <ClInclude Include="src\Camera.h">
      <Filter>Header Files</Filter>
    </ClInclude>
    <ClInclude Include="src\InputManager.h">
      <Filter>Header Files</Filter>
    </ClInclude>
    <ClInclude Include="src\Renderer.h">
      <Filter>Header Files</Filter>
    </ClInclude>
    <ClInclude Include="src\ResourceManager.h">
      <Filter>Header Files</Filter>
    </ClInclude>
    <ClInclude Include="src\Scene.h">
      <Filter>Header Files</Filter>
    </ClInclude>
    <ClInclude Include="src\ShaderProgram.h">
      <Filter>Header Files</Filter>
    </ClInclude>
    <ClInclude Include="src\ShaderType.h">
      <Filter>Header Files</Filter>
    </ClInclude>
    <ClInclude Include="src\WavefrontObject.h">
      <Filter>Header Files</Filter>
    </ClInclude>
    <ClInclude Include="src\Window.h">
      <Filter>Header Files</Filter>
    </ClInclude>
    <ClInclude Include="src\Material.h">
      <Filter>Header Files</Filter>
    </ClInclude>
    <ClInclude Include="src\objects\Object.h">
      <Filter>Header Files\objects</Filter>
    </ClInclude>
    <ClInclude Include="src\objects\StaticObject.h">
      <Filter>Header Files\objects</Filter>
    </ClInclude>
    <ClInclude Include="src\objects\EmptyObject.h">
      <Filter>Header Files\objects</Filter>
    </ClInclude>
    <ClInclude Include="src\objects\Light.h">
      <Filter>Header Files\objects</Filter>
    </ClInclude>
    <ClInclude Include="src\objects\AmbientLight.h">
      <Filter>Header Files\objects</Filter>
    </ClInclude>
    <ClInclude Include="src\objects\PointLight.h">
      <Filter>Header Files\objects</Filter>
    </ClInclude>
    <ClInclude Include="src\objects\DirectionalLight.h">
      <Filter>Header Files\objects</Filter>
    </ClInclude>
  </ItemGroup>
  <ItemGroup>
    <None Include="shaders\simple-fs.glsl">
      <Filter>Resource Files\Shaders</Filter>
    </None>
    <None Include="shaders\simple-vs.glsl">
      <Filter>Resource Files\Shaders</Filter>
    </None>
    <None Include="objects\Island\Island.mtl">
      <Filter>Resource Files\models\Island</Filter>
    </None>
    <None Include="models\Sea\Sea.mtl">
      <Filter>Resource Files\models\Sea</Filter>
    </None>
    <None Include="models\link\link.mtl">
      <Filter>Resource Files\models\link</Filter>
    </None>
  </ItemGroup>
  <ItemGroup>
    <Image Include="objects\Island\OutsMM02.png">
      <Filter>Resource Files\models\Island</Filter>
    </Image>
    <Image Include="objects\Island\OutsMM03.png">
      <Filter>Resource Files\models\Island</Filter>
    </Image>
    <Image Include="objects\Island\OutsSS00.png">
      <Filter>Resource Files\models\Island</Filter>
    </Image>
    <Image Include="objects\Island\OutsSS01.png">
      <Filter>Resource Files\models\Island</Filter>
    </Image>
    <Image Include="objects\Island\OutsSS04.png">
      <Filter>Resource Files\models\Island</Filter>
    </Image>
    <Image Include="objects\Island\OutsSS05.png">
      <Filter>Resource Files\models\Island</Filter>
    </Image>
    <Image Include="objects\Island\OutsSS06.png">
      <Filter>Resource Files\models\Island</Filter>
    </Image>
    <Image Include="objects\Island\OutsSS07.png">
      <Filter>Resource Files\models\Island</Filter>
    </Image>
    <Image Include="models\Sea\Sea.SS00.png">
      <Filter>Resource Files\models\Sea</Filter>
    </Image>
    <Image Include="models\Sea\Sea.SS01.png">
      <Filter>Resource Files\models\Sea</Filter>
    </Image>
    <Image Include="models\Sea\Sea.SS02.png">
      <Filter>Resource Files\models\Sea</Filter>
    </Image>
    <Image Include="models\Sea\Sea.SS04.png">
      <Filter>Resource Files\models\Sea</Filter>
    </Image>
    <Image Include="models\Sea\Sea.SS05.png">
      <Filter>Resource Files\models\Sea</Filter>
    </Image>
    <Image Include="models\Sea\Sea.SS06.png">
      <Filter>Resource Files\models\Sea</Filter>
    </Image>
    <Image Include="models\Sea\Sea.SS07.png">
      <Filter>Resource Files\models\Sea</Filter>
    </Image>
    <Image Include="models\Sea\Sea.SS08.png">
      <Filter>Resource Files\models\Sea</Filter>
    </Image>
    <Image Include="models\link\body.png">
      <Filter>Resource Files\models\link</Filter>
    </Image>
    <Image Include="models\link\eye1.png">
      <Filter>Resource Files\models\link</Filter>
    </Image>
    <Image Include="models\link\eye2.png">
      <Filter>Resource Files\models\link</Filter>
    </Image>
    <Image Include="models\link\eye3.png">
      <Filter>Resource Files\models\link</Filter>
    </Image>
    <Image Include="models\link\eye4.png">
      <Filter>Resource Files\models\link</Filter>
    </Image>
    <Image Include="models\link\eye5.png">
      <Filter>Resource Files\models\link</Filter>
    </Image>
    <Image Include="models\link\eye6.png">
      <Filter>Resource Files\models\link</Filter>
    </Image>
    <Image Include="models\link\eye7.png">
      <Filter>Resource Files\models\link</Filter>
    </Image>
    <Image Include="models\link\eyebrow1.png">
      <Filter>Resource Files\models\link</Filter>
    </Image>
    <Image Include="models\link\eyebrow2.png">
      <Filter>Resource Files\models\link</Filter>
    </Image>
    <Image Include="models\link\eyebrow3.png">
      <Filter>Resource Files\models\link</Filter>
    </Image>
    <Image Include="models\link\eyebrow4.png">
      <Filter>Resource Files\models\link</Filter>
    </Image>
    <Image Include="models\link\eyebrow5.png">
      <Filter>Resource Files\models\link</Filter>
    </Image>
    <Image Include="models\link\eyebrow6.png">
      <Filter>Resource Files\models\link</Filter>
    </Image>
    <Image Include="models\link\mouth1.png">
      <Filter>Resource Files\models\link</Filter>
    </Image>
    <Image Include="models\link\mouth2.png">
      <Filter>Resource Files\models\link</Filter>
    </Image>
    <Image Include="models\link\mouth3.png">
      <Filter>Resource Files\models\link</Filter>
    </Image>
    <Image Include="models\link\mouth4.png">
      <Filter>Resource Files\models\link</Filter>
    </Image>
    <Image Include="models\link\mouth5.png">
      <Filter>Resource Files\models\link</Filter>
    </Image>
    <Image Include="models\link\mouth6.png">
      <Filter>Resource Files\models\link</Filter>
    </Image>
    <Image Include="models\link\mouth7.png">
      <Filter>Resource Files\models\link</Filter>
    </Image>
    <Image Include="models\link\mouth8.png">
      <Filter>Resource Files\models\link</Filter>
    </Image>
    <Image Include="models\link\mouth9.png">
      <Filter>Resource Files\models\link</Filter>
    </Image>
    <Image Include="models\link\pupil.png">
      <Filter>Resource Files\models\link</Filter>
    </Image>
    <Image Include="models\link\sheath.png">
      <Filter>Resource Files\models\link</Filter>
    </Image>
  </ItemGroup>
  <ItemGroup>
    <Object Include="objects\Island\Island.obj">
      <Filter>Resource Files\models\Island</Filter>
    </Object>
    <Object Include="models\Sea\Sea.obj">
      <Filter>Resource Files\models\Sea</Filter>
    </Object>
    <Object Include="models\link\link.obj">
      <Filter>Resource Files\models\link</Filter>
    </Object>
  </ItemGroup>
  <ItemGroup>
    <Text Include="models\link\info.txt">
      <Filter>Resource Files\models\link</Filter>
    </Text>
  </ItemGroup>
</Project>